// !$*UTF8*$!
{
	archiveVersion = 1;
	classes = {
	};
	objectVersion = 46;
	objects = {

/* Begin PBXBuildFile section */
		2531C2111AB7212200CA7CFB /* Alfabeto.m in Sources */ = {isa = PBXBuildFile; fileRef = 2531C2101AB7212200CA7CFB /* Alfabeto.m */; };
		256C5DE01AB99E38003B669D /* abelha.png in Resources */ = {isa = PBXBuildFile; fileRef = 256C5DC61AB99E38003B669D /* abelha.png */; };
		256C5DE11AB99E38003B669D /* bola.png in Resources */ = {isa = PBXBuildFile; fileRef = 256C5DC71AB99E38003B669D /* bola.png */; };
		256C5DE21AB99E38003B669D /* carro.png in Resources */ = {isa = PBXBuildFile; fileRef = 256C5DC81AB99E38003B669D /* carro.png */; };
		256C5DE31AB99E38003B669D /* dado.png in Resources */ = {isa = PBXBuildFile; fileRef = 256C5DC91AB99E38003B669D /* dado.png */; };
		256C5DE51AB99E38003B669D /* faca.png in Resources */ = {isa = PBXBuildFile; fileRef = 256C5DCB1AB99E38003B669D /* faca.png */; };
		256C5DE61AB99E38003B669D /* gato.png in Resources */ = {isa = PBXBuildFile; fileRef = 256C5DCC1AB99E38003B669D /* gato.png */; };
		256C5DE71AB99E38003B669D /* helicoptero.png in Resources */ = {isa = PBXBuildFile; fileRef = 256C5DCD1AB99E38003B669D /* helicoptero.png */; };
		256C5DE81AB99E38003B669D /* igreja.png in Resources */ = {isa = PBXBuildFile; fileRef = 256C5DCE1AB99E38003B669D /* igreja.png */; };
		256C5DE91AB99E38003B669D /* janela.png in Resources */ = {isa = PBXBuildFile; fileRef = 256C5DCF1AB99E38003B669D /* janela.png */; };
		256C5DEA1AB99E38003B669D /* ketchup.png in Resources */ = {isa = PBXBuildFile; fileRef = 256C5DD01AB99E38003B669D /* ketchup.png */; };
		256C5DEB1AB99E38003B669D /* lampada.png in Resources */ = {isa = PBXBuildFile; fileRef = 256C5DD11AB99E38003B669D /* lampada.png */; };
		256C5DEC1AB99E38003B669D /* moeda.png in Resources */ = {isa = PBXBuildFile; fileRef = 256C5DD21AB99E38003B669D /* moeda.png */; };
		256C5DED1AB99E38003B669D /* navio.png in Resources */ = {isa = PBXBuildFile; fileRef = 256C5DD31AB99E38003B669D /* navio.png */; };
		256C5DEE1AB99E38003B669D /* ovo.png in Resources */ = {isa = PBXBuildFile; fileRef = 256C5DD41AB99E38003B669D /* ovo.png */; };
		256C5DEF1AB99E38003B669D /* pato.png in Resources */ = {isa = PBXBuildFile; fileRef = 256C5DD51AB99E38003B669D /* pato.png */; };
		256C5DF01AB99E38003B669D /* queijo.png in Resources */ = {isa = PBXBuildFile; fileRef = 256C5DD61AB99E38003B669D /* queijo.png */; };
		256C5DF11AB99E38003B669D /* ra.png in Resources */ = {isa = PBXBuildFile; fileRef = 256C5DD71AB99E38003B669D /* ra.png */; };
		256C5DF21AB99E38003B669D /* sabao.png in Resources */ = {isa = PBXBuildFile; fileRef = 256C5DD81AB99E38003B669D /* sabao.png */; };
		256C5DF31AB99E38003B669D /* torta.png in Resources */ = {isa = PBXBuildFile; fileRef = 256C5DD91AB99E38003B669D /* torta.png */; };
		256C5DF41AB99E38003B669D /* unicornio.png in Resources */ = {isa = PBXBuildFile; fileRef = 256C5DDA1AB99E38003B669D /* unicornio.png */; };
		256C5DF51AB99E38003B669D /* violao.png in Resources */ = {isa = PBXBuildFile; fileRef = 256C5DDB1AB99E38003B669D /* violao.png */; };
		256C5DF61AB99E38003B669D /* whisky.png in Resources */ = {isa = PBXBuildFile; fileRef = 256C5DDC1AB99E38003B669D /* whisky.png */; };
		256C5DF71AB99E38003B669D /* xadrez.png in Resources */ = {isa = PBXBuildFile; fileRef = 256C5DDD1AB99E38003B669D /* xadrez.png */; };
		256C5DF81AB99E38003B669D /* yugioh.png in Resources */ = {isa = PBXBuildFile; fileRef = 256C5DDE1AB99E38003B669D /* yugioh.png */; };
		256C5DF91AB99E38003B669D /* zebra.png in Resources */ = {isa = PBXBuildFile; fileRef = 256C5DDF1AB99E38003B669D /* zebra.png */; };
		256C5DFF1AB9A07E003B669D /* esquilo.png in Resources */ = {isa = PBXBuildFile; fileRef = 256C5DFE1AB9A07E003B669D /* esquilo.png */; };
		256C5E021AB9AB90003B669D /* TabbedDictionaryViewController.m in Sources */ = {isa = PBXBuildFile; fileRef = 256C5E011AB9AB90003B669D /* TabbedDictionaryViewController.m */; };
		256C5E041AB9ADEB003B669D /* tabDicionario.png in Resources */ = {isa = PBXBuildFile; fileRef = 256C5E031AB9ADEB003B669D /* tabDicionario.png */; };
		256C5E061AB9AE2C003B669D /* navDicionario.png in Resources */ = {isa = PBXBuildFile; fileRef = 256C5E051AB9AE2C003B669D /* navDicionario.png */; };
		25E555AA1AB7013700C3A0F8 /* Letra.m in Sources */ = {isa = PBXBuildFile; fileRef = 25E555A91AB7013700C3A0F8 /* Letra.m */; };
		25E555AD1AB7100F00C3A0F8 /* NavigationDictionaryViewController.m in Sources */ = {isa = PBXBuildFile; fileRef = 25E555AC1AB7100F00C3A0F8 /* NavigationDictionaryViewController.m */; };
		27156F4D18B76AF50053A99C /* Foundation.framework in Frameworks */ = {isa = PBXBuildFile; fileRef = 27156F4C18B76AF50053A99C /* Foundation.framework */; };
		27156F4F18B76AF50053A99C /* CoreGraphics.framework in Frameworks */ = {isa = PBXBuildFile; fileRef = 27156F4E18B76AF50053A99C /* CoreGraphics.framework */; };
		27156F5118B76AF50053A99C /* UIKit.framework in Frameworks */ = {isa = PBXBuildFile; fileRef = 27156F5018B76AF50053A99C /* UIKit.framework */; };
		27156F5718B76AF50053A99C /* InfoPlist.strings in Resources */ = {isa = PBXBuildFile; fileRef = 27156F5518B76AF50053A99C /* InfoPlist.strings */; };
		27156F5918B76AF50053A99C /* main.m in Sources */ = {isa = PBXBuildFile; fileRef = 27156F5818B76AF50053A99C /* main.m */; };
		27156F5D18B76AF50053A99C /* MackenzieAppDelegate.m in Sources */ = {isa = PBXBuildFile; fileRef = 27156F5C18B76AF50053A99C /* MackenzieAppDelegate.m */; };
		27156F5F18B76AF50053A99C /* Images.xcassets in Resources */ = {isa = PBXBuildFile; fileRef = 27156F5E18B76AF50053A99C /* Images.xcassets */; };
		27156F6618B76AF50053A99C /* XCTest.framework in Frameworks */ = {isa = PBXBuildFile; fileRef = 27156F6518B76AF50053A99C /* XCTest.framework */; };
		27156F6718B76AF50053A99C /* Foundation.framework in Frameworks */ = {isa = PBXBuildFile; fileRef = 27156F4C18B76AF50053A99C /* Foundation.framework */; };
		27156F6818B76AF50053A99C /* UIKit.framework in Frameworks */ = {isa = PBXBuildFile; fileRef = 27156F5018B76AF50053A99C /* UIKit.framework */; };
		27156F7018B76AF50053A99C /* InfoPlist.strings in Resources */ = {isa = PBXBuildFile; fileRef = 27156F6E18B76AF50053A99C /* InfoPlist.strings */; };
		27156F7218B76AF50053A99C /* NavigationTests.m in Sources */ = {isa = PBXBuildFile; fileRef = 27156F7118B76AF50053A99C /* NavigationTests.m */; };
/* End PBXBuildFile section */

/* Begin PBXContainerItemProxy section */
		27156F6918B76AF50053A99C /* PBXContainerItemProxy */ = {
			isa = PBXContainerItemProxy;
			containerPortal = 27156F4118B76AF50053A99C /* Project object */;
			proxyType = 1;
			remoteGlobalIDString = 27156F4818B76AF50053A99C;
			remoteInfo = Navigation;
		};
/* End PBXContainerItemProxy section */

/* Begin PBXFileReference section */
		2531C20F1AB7212200CA7CFB /* Alfabeto.h */ = {isa = PBXFileReference; fileEncoding = 4; lastKnownFileType = sourcecode.c.h; path = Alfabeto.h; sourceTree = "<group>"; };
		2531C2101AB7212200CA7CFB /* Alfabeto.m */ = {isa = PBXFileReference; fileEncoding = 4; lastKnownFileType = sourcecode.c.objc; path = Alfabeto.m; sourceTree = "<group>"; };
		256C5DC61AB99E38003B669D /* abelha.png */ = {isa = PBXFileReference; lastKnownFileType = image.png; path = abelha.png; sourceTree = "<group>"; };
		256C5DC71AB99E38003B669D /* bola.png */ = {isa = PBXFileReference; lastKnownFileType = image.png; path = bola.png; sourceTree = "<group>"; };
		256C5DC81AB99E38003B669D /* carro.png */ = {isa = PBXFileReference; lastKnownFileType = image.png; path = carro.png; sourceTree = "<group>"; };
		256C5DC91AB99E38003B669D /* dado.png */ = {isa = PBXFileReference; lastKnownFileType = image.png; path = dado.png; sourceTree = "<group>"; };
		256C5DCB1AB99E38003B669D /* faca.png */ = {isa = PBXFileReference; lastKnownFileType = image.png; path = faca.png; sourceTree = "<group>"; };
		256C5DCC1AB99E38003B669D /* gato.png */ = {isa = PBXFileReference; lastKnownFileType = image.png; path = gato.png; sourceTree = "<group>"; };
		256C5DCD1AB99E38003B669D /* helicoptero.png */ = {isa = PBXFileReference; lastKnownFileType = image.png; path = helicoptero.png; sourceTree = "<group>"; };
		256C5DCE1AB99E38003B669D /* igreja.png */ = {isa = PBXFileReference; lastKnownFileType = image.png; path = igreja.png; sourceTree = "<group>"; };
		256C5DCF1AB99E38003B669D /* janela.png */ = {isa = PBXFileReference; lastKnownFileType = image.png; path = janela.png; sourceTree = "<group>"; };
		256C5DD01AB99E38003B669D /* ketchup.png */ = {isa = PBXFileReference; lastKnownFileType = image.png; path = ketchup.png; sourceTree = "<group>"; };
		256C5DD11AB99E38003B669D /* lampada.png */ = {isa = PBXFileReference; lastKnownFileType = image.png; path = lampada.png; sourceTree = "<group>"; };
		256C5DD21AB99E38003B669D /* moeda.png */ = {isa = PBXFileReference; lastKnownFileType = image.png; path = moeda.png; sourceTree = "<group>"; };
		256C5DD31AB99E38003B669D /* navio.png */ = {isa = PBXFileReference; lastKnownFileType = image.png; path = navio.png; sourceTree = "<group>"; };
		256C5DD41AB99E38003B669D /* ovo.png */ = {isa = PBXFileReference; lastKnownFileType = image.png; path = ovo.png; sourceTree = "<group>"; };
		256C5DD51AB99E38003B669D /* pato.png */ = {isa = PBXFileReference; lastKnownFileType = image.png; path = pato.png; sourceTree = "<group>"; };
		256C5DD61AB99E38003B669D /* queijo.png */ = {isa = PBXFileReference; lastKnownFileType = image.png; path = queijo.png; sourceTree = "<group>"; };
		256C5DD71AB99E38003B669D /* ra.png */ = {isa = PBXFileReference; lastKnownFileType = image.png; path = ra.png; sourceTree = "<group>"; };
		256C5DD81AB99E38003B669D /* sabao.png */ = {isa = PBXFileReference; lastKnownFileType = image.png; path = sabao.png; sourceTree = "<group>"; };
		256C5DD91AB99E38003B669D /* torta.png */ = {isa = PBXFileReference; lastKnownFileType = image.png; path = torta.png; sourceTree = "<group>"; };
		256C5DDA1AB99E38003B669D /* unicornio.png */ = {isa = PBXFileReference; lastKnownFileType = image.png; path = unicornio.png; sourceTree = "<group>"; };
		256C5DDB1AB99E38003B669D /* violao.png */ = {isa = PBXFileReference; lastKnownFileType = image.png; path = violao.png; sourceTree = "<group>"; };
		256C5DDC1AB99E38003B669D /* whisky.png */ = {isa = PBXFileReference; lastKnownFileType = image.png; path = whisky.png; sourceTree = "<group>"; };
		256C5DDD1AB99E38003B669D /* xadrez.png */ = {isa = PBXFileReference; lastKnownFileType = image.png; path = xadrez.png; sourceTree = "<group>"; };
		256C5DDE1AB99E38003B669D /* yugioh.png */ = {isa = PBXFileReference; lastKnownFileType = image.png; path = yugioh.png; sourceTree = "<group>"; };
		256C5DDF1AB99E38003B669D /* zebra.png */ = {isa = PBXFileReference; lastKnownFileType = image.png; path = zebra.png; sourceTree = "<group>"; };
		256C5DFE1AB9A07E003B669D /* esquilo.png */ = {isa = PBXFileReference; lastKnownFileType = image.png; path = esquilo.png; sourceTree = "<group>"; };
		256C5E001AB9AB90003B669D /* TabbedDictionaryViewController.h */ = {isa = PBXFileReference; fileEncoding = 4; lastKnownFileType = sourcecode.c.h; path = TabbedDictionaryViewController.h; sourceTree = "<group>"; };
		256C5E011AB9AB90003B669D /* TabbedDictionaryViewController.m */ = {isa = PBXFileReference; fileEncoding = 4; lastKnownFileType = sourcecode.c.objc; path = TabbedDictionaryViewController.m; sourceTree = "<group>"; };
		256C5E031AB9ADEB003B669D /* tabDicionario.png */ = {isa = PBXFileReference; lastKnownFileType = image.png; path = tabDicionario.png; sourceTree = "<group>"; };
		256C5E051AB9AE2C003B669D /* navDicionario.png */ = {isa = PBXFileReference; lastKnownFileType = image.png; path = navDicionario.png; sourceTree = "<group>"; };
		25E555A81AB7013700C3A0F8 /* Letra.h */ = {isa = PBXFileReference; fileEncoding = 4; lastKnownFileType = sourcecode.c.h; path = Letra.h; sourceTree = "<group>"; };
		25E555A91AB7013700C3A0F8 /* Letra.m */ = {isa = PBXFileReference; fileEncoding = 4; lastKnownFileType = sourcecode.c.objc; path = Letra.m; sourceTree = "<group>"; };
		25E555AB1AB7100F00C3A0F8 /* NavigationDictionaryViewController.h */ = {isa = PBXFileReference; fileEncoding = 4; lastKnownFileType = sourcecode.c.h; path = NavigationDictionaryViewController.h; sourceTree = "<group>"; };
		25E555AC1AB7100F00C3A0F8 /* NavigationDictionaryViewController.m */ = {isa = PBXFileReference; fileEncoding = 4; lastKnownFileType = sourcecode.c.objc; path = NavigationDictionaryViewController.m; sourceTree = "<group>"; };
		27156F4918B76AF50053A99C /* Navigation.app */ = {isa = PBXFileReference; explicitFileType = wrapper.application; includeInIndex = 0; path = Navigation.app; sourceTree = BUILT_PRODUCTS_DIR; };
		27156F4C18B76AF50053A99C /* Foundation.framework */ = {isa = PBXFileReference; lastKnownFileType = wrapper.framework; name = Foundation.framework; path = System/Library/Frameworks/Foundation.framework; sourceTree = SDKROOT; };
		27156F4E18B76AF50053A99C /* CoreGraphics.framework */ = {isa = PBXFileReference; lastKnownFileType = wrapper.framework; name = CoreGraphics.framework; path = System/Library/Frameworks/CoreGraphics.framework; sourceTree = SDKROOT; };
		27156F5018B76AF50053A99C /* UIKit.framework */ = {isa = PBXFileReference; lastKnownFileType = wrapper.framework; name = UIKit.framework; path = System/Library/Frameworks/UIKit.framework; sourceTree = SDKROOT; };
		27156F5418B76AF50053A99C /* Navigation-Info.plist */ = {isa = PBXFileReference; lastKnownFileType = text.plist.xml; path = "Navigation-Info.plist"; sourceTree = "<group>"; };
		27156F5618B76AF50053A99C /* en */ = {isa = PBXFileReference; lastKnownFileType = text.plist.strings; name = en; path = en.lproj/InfoPlist.strings; sourceTree = "<group>"; };
		27156F5818B76AF50053A99C /* main.m */ = {isa = PBXFileReference; lastKnownFileType = sourcecode.c.objc; path = main.m; sourceTree = "<group>"; };
		27156F5A18B76AF50053A99C /* Navigation-Prefix.pch */ = {isa = PBXFileReference; lastKnownFileType = sourcecode.c.h; path = "Navigation-Prefix.pch"; sourceTree = "<group>"; };
		27156F5B18B76AF50053A99C /* MackenzieAppDelegate.h */ = {isa = PBXFileReference; lastKnownFileType = sourcecode.c.h; path = MackenzieAppDelegate.h; sourceTree = "<group>"; };
		27156F5C18B76AF50053A99C /* MackenzieAppDelegate.m */ = {isa = PBXFileReference; lastKnownFileType = sourcecode.c.objc; path = MackenzieAppDelegate.m; sourceTree = "<group>"; };
		27156F5E18B76AF50053A99C /* Images.xcassets */ = {isa = PBXFileReference; lastKnownFileType = folder.assetcatalog; path = Images.xcassets; sourceTree = "<group>"; };
		27156F6418B76AF50053A99C /* NavigationTests.xctest */ = {isa = PBXFileReference; explicitFileType = wrapper.cfbundle; includeInIndex = 0; path = NavigationTests.xctest; sourceTree = BUILT_PRODUCTS_DIR; };
		27156F6518B76AF50053A99C /* XCTest.framework */ = {isa = PBXFileReference; lastKnownFileType = wrapper.framework; name = XCTest.framework; path = Library/Frameworks/XCTest.framework; sourceTree = DEVELOPER_DIR; };
		27156F6D18B76AF50053A99C /* NavigationTests-Info.plist */ = {isa = PBXFileReference; lastKnownFileType = text.plist.xml; path = "NavigationTests-Info.plist"; sourceTree = "<group>"; };
		27156F6F18B76AF50053A99C /* en */ = {isa = PBXFileReference; lastKnownFileType = text.plist.strings; name = en; path = en.lproj/InfoPlist.strings; sourceTree = "<group>"; };
		27156F7118B76AF50053A99C /* NavigationTests.m */ = {isa = PBXFileReference; lastKnownFileType = sourcecode.c.objc; path = NavigationTests.m; sourceTree = "<group>"; };
/* End PBXFileReference section */

/* Begin PBXFrameworksBuildPhase section */
		27156F4618B76AF50053A99C /* Frameworks */ = {
			isa = PBXFrameworksBuildPhase;
			buildActionMask = 2147483647;
			files = (
				27156F4F18B76AF50053A99C /* CoreGraphics.framework in Frameworks */,
				27156F5118B76AF50053A99C /* UIKit.framework in Frameworks */,
				27156F4D18B76AF50053A99C /* Foundation.framework in Frameworks */,
			);
			runOnlyForDeploymentPostprocessing = 0;
		};
		27156F6118B76AF50053A99C /* Frameworks */ = {
			isa = PBXFrameworksBuildPhase;
			buildActionMask = 2147483647;
			files = (
				27156F6618B76AF50053A99C /* XCTest.framework in Frameworks */,
				27156F6818B76AF50053A99C /* UIKit.framework in Frameworks */,
				27156F6718B76AF50053A99C /* Foundation.framework in Frameworks */,
			);
			runOnlyForDeploymentPostprocessing = 0;
		};
/* End PBXFrameworksBuildPhase section */

/* Begin PBXGroup section */
		256C5DC51AB99DEA003B669D /* images */ = {
			isa = PBXGroup;
			children = (
				256C5E051AB9AE2C003B669D /* navDicionario.png */,
				256C5E031AB9ADEB003B669D /* tabDicionario.png */,
				256C5DFE1AB9A07E003B669D /* esquilo.png */,
				256C5DC61AB99E38003B669D /* abelha.png */,
				256C5DC71AB99E38003B669D /* bola.png */,
				256C5DC81AB99E38003B669D /* carro.png */,
				256C5DC91AB99E38003B669D /* dado.png */,
				256C5DCB1AB99E38003B669D /* faca.png */,
				256C5DCC1AB99E38003B669D /* gato.png */,
				256C5DCD1AB99E38003B669D /* helicoptero.png */,
				256C5DCE1AB99E38003B669D /* igreja.png */,
				256C5DCF1AB99E38003B669D /* janela.png */,
				256C5DD01AB99E38003B669D /* ketchup.png */,
				256C5DD11AB99E38003B669D /* lampada.png */,
				256C5DD21AB99E38003B669D /* moeda.png */,
				256C5DD31AB99E38003B669D /* navio.png */,
				256C5DD41AB99E38003B669D /* ovo.png */,
				256C5DD51AB99E38003B669D /* pato.png */,
				256C5DD61AB99E38003B669D /* queijo.png */,
				256C5DD71AB99E38003B669D /* ra.png */,
				256C5DD81AB99E38003B669D /* sabao.png */,
				256C5DD91AB99E38003B669D /* torta.png */,
				256C5DDA1AB99E38003B669D /* unicornio.png */,
				256C5DDB1AB99E38003B669D /* violao.png */,
				256C5DDC1AB99E38003B669D /* whisky.png */,
				256C5DDD1AB99E38003B669D /* xadrez.png */,
				256C5DDE1AB99E38003B669D /* yugioh.png */,
				256C5DDF1AB99E38003B669D /* zebra.png */,
			);
			name = images;
			sourceTree = "<group>";
		};
		27156F4018B76AF50053A99C = {
			isa = PBXGroup;
			children = (
				27156F5218B76AF50053A99C /* Navigation */,
				27156F6B18B76AF50053A99C /* NavigationTests */,
				27156F4B18B76AF50053A99C /* Frameworks */,
				27156F4A18B76AF50053A99C /* Products */,
			);
			sourceTree = "<group>";
		};
		27156F4A18B76AF50053A99C /* Products */ = {
			isa = PBXGroup;
			children = (
				27156F4918B76AF50053A99C /* Navigation.app */,
				27156F6418B76AF50053A99C /* NavigationTests.xctest */,
			);
			name = Products;
			sourceTree = "<group>";
		};
		27156F4B18B76AF50053A99C /* Frameworks */ = {
			isa = PBXGroup;
			children = (
				27156F4C18B76AF50053A99C /* Foundation.framework */,
				27156F4E18B76AF50053A99C /* CoreGraphics.framework */,
				27156F5018B76AF50053A99C /* UIKit.framework */,
				27156F6518B76AF50053A99C /* XCTest.framework */,
			);
			name = Frameworks;
			sourceTree = "<group>";
		};
		27156F5218B76AF50053A99C /* Navigation */ = {
			isa = PBXGroup;
			children = (
				256C5DC51AB99DEA003B669D /* images */,
				27156F5B18B76AF50053A99C /* MackenzieAppDelegate.h */,
				27156F5C18B76AF50053A99C /* MackenzieAppDelegate.m */,
				27156F5E18B76AF50053A99C /* Images.xcassets */,
				27156F5318B76AF50053A99C /* Supporting Files */,
				25E555AB1AB7100F00C3A0F8 /* NavigationDictionaryViewController.h */,
				25E555AC1AB7100F00C3A0F8 /* NavigationDictionaryViewController.m */,
				25E555A81AB7013700C3A0F8 /* Letra.h */,
				25E555A91AB7013700C3A0F8 /* Letra.m */,
				2531C20F1AB7212200CA7CFB /* Alfabeto.h */,
				2531C2101AB7212200CA7CFB /* Alfabeto.m */,
				256C5E001AB9AB90003B669D /* TabbedDictionaryViewController.h */,
				256C5E011AB9AB90003B669D /* TabbedDictionaryViewController.m */,
			);
			path = Navigation;
			sourceTree = "<group>";
		};
		27156F5318B76AF50053A99C /* Supporting Files */ = {
			isa = PBXGroup;
			children = (
				27156F5418B76AF50053A99C /* Navigation-Info.plist */,
				27156F5518B76AF50053A99C /* InfoPlist.strings */,
				27156F5818B76AF50053A99C /* main.m */,
				27156F5A18B76AF50053A99C /* Navigation-Prefix.pch */,
			);
			name = "Supporting Files";
			sourceTree = "<group>";
		};
		27156F6B18B76AF50053A99C /* NavigationTests */ = {
			isa = PBXGroup;
			children = (
				27156F7118B76AF50053A99C /* NavigationTests.m */,
				27156F6C18B76AF50053A99C /* Supporting Files */,
			);
			path = NavigationTests;
			sourceTree = "<group>";
		};
		27156F6C18B76AF50053A99C /* Supporting Files */ = {
			isa = PBXGroup;
			children = (
				27156F6D18B76AF50053A99C /* NavigationTests-Info.plist */,
				27156F6E18B76AF50053A99C /* InfoPlist.strings */,
			);
			name = "Supporting Files";
			sourceTree = "<group>";
		};
/* End PBXGroup section */

/* Begin PBXNativeTarget section */
		27156F4818B76AF50053A99C /* Navigation */ = {
			isa = PBXNativeTarget;
			buildConfigurationList = 27156F7518B76AF50053A99C /* Build configuration list for PBXNativeTarget "Navigation" */;
			buildPhases = (
				27156F4518B76AF50053A99C /* Sources */,
				27156F4618B76AF50053A99C /* Frameworks */,
				27156F4718B76AF50053A99C /* Resources */,
			);
			buildRules = (
			);
			dependencies = (
			);
			name = Navigation;
			productName = Navigation;
			productReference = 27156F4918B76AF50053A99C /* Navigation.app */;
			productType = "com.apple.product-type.application";
		};
		27156F6318B76AF50053A99C /* NavigationTests */ = {
			isa = PBXNativeTarget;
			buildConfigurationList = 27156F7818B76AF50053A99C /* Build configuration list for PBXNativeTarget "NavigationTests" */;
			buildPhases = (
				27156F6018B76AF50053A99C /* Sources */,
				27156F6118B76AF50053A99C /* Frameworks */,
				27156F6218B76AF50053A99C /* Resources */,
			);
			buildRules = (
			);
			dependencies = (
				27156F6A18B76AF50053A99C /* PBXTargetDependency */,
			);
			name = NavigationTests;
			productName = NavigationTests;
			productReference = 27156F6418B76AF50053A99C /* NavigationTests.xctest */;
			productType = "com.apple.product-type.bundle.unit-test";
		};
/* End PBXNativeTarget section */

/* Begin PBXProject section */
		27156F4118B76AF50053A99C /* Project object */ = {
			isa = PBXProject;
			attributes = {
				CLASSPREFIX = Mackenzie;
				LastUpgradeCheck = 0500;
				ORGANIZATIONNAME = "Vinicius Miana";
				TargetAttributes = {
					27156F6318B76AF50053A99C = {
						TestTargetID = 27156F4818B76AF50053A99C;
					};
				};
			};
			buildConfigurationList = 27156F4418B76AF50053A99C /* Build configuration list for PBXProject "Navigation" */;
			compatibilityVersion = "Xcode 3.2";
			developmentRegion = English;
			hasScannedForEncodings = 0;
			knownRegions = (
				en,
			);
			mainGroup = 27156F4018B76AF50053A99C;
			productRefGroup = 27156F4A18B76AF50053A99C /* Products */;
			projectDirPath = "";
			projectRoot = "";
			targets = (
				27156F4818B76AF50053A99C /* Navigation */,
				27156F6318B76AF50053A99C /* NavigationTests */,
			);
		};
/* End PBXProject section */

/* Begin PBXResourcesBuildPhase section */
		27156F4718B76AF50053A99C /* Resources */ = {
			isa = PBXResourcesBuildPhase;
			buildActionMask = 2147483647;
			files = (
				256C5DF11AB99E38003B669D /* ra.png in Resources */,
				256C5DF41AB99E38003B669D /* unicornio.png in Resources */,
				256C5DE91AB99E38003B669D /* janela.png in Resources */,
				256C5DE71AB99E38003B669D /* helicoptero.png in Resources */,
				256C5DE01AB99E38003B669D /* abelha.png in Resources */,
				256C5DE11AB99E38003B669D /* bola.png in Resources */,
				256C5DF21AB99E38003B669D /* sabao.png in Resources */,
				256C5DF71AB99E38003B669D /* xadrez.png in Resources */,
				256C5DEA1AB99E38003B669D /* ketchup.png in Resources */,
				256C5DE61AB99E38003B669D /* gato.png in Resources */,
				256C5DFF1AB9A07E003B669D /* esquilo.png in Resources */,
				256C5E041AB9ADEB003B669D /* tabDicionario.png in Resources */,
				27156F5718B76AF50053A99C /* InfoPlist.strings in Resources */,
				256C5DF01AB99E38003B669D /* queijo.png in Resources */,
				256C5E061AB9AE2C003B669D /* navDicionario.png in Resources */,
				256C5DF31AB99E38003B669D /* torta.png in Resources */,
				27156F5F18B76AF50053A99C /* Images.xcassets in Resources */,
				256C5DEB1AB99E38003B669D /* lampada.png in Resources */,
				256C5DED1AB99E38003B669D /* navio.png in Resources */,
				256C5DF81AB99E38003B669D /* yugioh.png in Resources */,
				256C5DEF1AB99E38003B669D /* pato.png in Resources */,
				256C5DE21AB99E38003B669D /* carro.png in Resources */,
				256C5DF91AB99E38003B669D /* zebra.png in Resources */,
				256C5DE51AB99E38003B669D /* faca.png in Resources */,
				256C5DF61AB99E38003B669D /* whisky.png in Resources */,
				256C5DE31AB99E38003B669D /* dado.png in Resources */,
				256C5DEE1AB99E38003B669D /* ovo.png in Resources */,
				256C5DE81AB99E38003B669D /* igreja.png in Resources */,
				256C5DEC1AB99E38003B669D /* moeda.png in Resources */,
				256C5DF51AB99E38003B669D /* violao.png in Resources */,
			);
			runOnlyForDeploymentPostprocessing = 0;
		};
		27156F6218B76AF50053A99C /* Resources */ = {
			isa = PBXResourcesBuildPhase;
			buildActionMask = 2147483647;
			files = (
				27156F7018B76AF50053A99C /* InfoPlist.strings in Resources */,
			);
			runOnlyForDeploymentPostprocessing = 0;
		};
/* End PBXResourcesBuildPhase section */

/* Begin PBXSourcesBuildPhase section */
		27156F4518B76AF50053A99C /* Sources */ = {
			isa = PBXSourcesBuildPhase;
			buildActionMask = 2147483647;
			files = (
				27156F5D18B76AF50053A99C /* MackenzieAppDelegate.m in Sources */,
				25E555AD1AB7100F00C3A0F8 /* NavigationDictionaryViewController.m in Sources */,
				256C5E021AB9AB90003B669D /* TabbedDictionaryViewController.m in Sources */,
				25E555AA1AB7013700C3A0F8 /* Letra.m in Sources */,
				2531C2111AB7212200CA7CFB /* Alfabeto.m in Sources */,
				27156F5918B76AF50053A99C /* main.m in Sources */,
			);
			runOnlyForDeploymentPostprocessing = 0;
		};
		27156F6018B76AF50053A99C /* Sources */ = {
			isa = PBXSourcesBuildPhase;
			buildActionMask = 2147483647;
			files = (
				27156F7218B76AF50053A99C /* NavigationTests.m in Sources */,
			);
			runOnlyForDeploymentPostprocessing = 0;
		};
/* End PBXSourcesBuildPhase section */

/* Begin PBXTargetDependency section */
		27156F6A18B76AF50053A99C /* PBXTargetDependency */ = {
			isa = PBXTargetDependency;
			target = 27156F4818B76AF50053A99C /* Navigation */;
			targetProxy = 27156F6918B76AF50053A99C /* PBXContainerItemProxy */;
		};
/* End PBXTargetDependency section */

/* Begin PBXVariantGroup section */
		27156F5518B76AF50053A99C /* InfoPlist.strings */ = {
			isa = PBXVariantGroup;
			children = (
				27156F5618B76AF50053A99C /* en */,
			);
			name = InfoPlist.strings;
			sourceTree = "<group>";
		};
		27156F6E18B76AF50053A99C /* InfoPlist.strings */ = {
			isa = PBXVariantGroup;
			children = (
				27156F6F18B76AF50053A99C /* en */,
			);
			name = InfoPlist.strings;
			sourceTree = "<group>";
		};
/* End PBXVariantGroup section */

/* Begin XCBuildConfiguration section */
		27156F7318B76AF50053A99C /* Debug */ = {
			isa = XCBuildConfiguration;
			buildSettings = {
				ALWAYS_SEARCH_USER_PATHS = NO;
				ARCHS = "$(ARCHS_STANDARD_INCLUDING_64_BIT)";
				CLANG_CXX_LANGUAGE_STANDARD = "gnu++0x";
				CLANG_CXX_LIBRARY = "libc++";
				CLANG_ENABLE_MODULES = YES;
				CLANG_ENABLE_OBJC_ARC = YES;
				CLANG_WARN_BOOL_CONVERSION = YES;
				CLANG_WARN_CONSTANT_CONVERSION = YES;
				CLANG_WARN_DIRECT_OBJC_ISA_USAGE = YES_ERROR;
				CLANG_WARN_EMPTY_BODY = YES;
				CLANG_WARN_ENUM_CONVERSION = YES;
				CLANG_WARN_INT_CONVERSION = YES;
				CLANG_WARN_OBJC_ROOT_CLASS = YES_ERROR;
				CLANG_WARN__DUPLICATE_METHOD_MATCH = YES;
				"CODE_SIGN_IDENTITY[sdk=iphoneos*]" = "iPhone Developer";
				COPY_PHASE_STRIP = NO;
				GCC_C_LANGUAGE_STANDARD = gnu99;
				GCC_DYNAMIC_NO_PIC = NO;
				GCC_OPTIMIZATION_LEVEL = 0;
				GCC_PREPROCESSOR_DEFINITIONS = (
					"DEBUG=1",
					"$(inherited)",
				);
				GCC_SYMBOLS_PRIVATE_EXTERN = NO;
				GCC_WARN_64_TO_32_BIT_CONVERSION = YES;
				GCC_WARN_ABOUT_RETURN_TYPE = YES_ERROR;
				GCC_WARN_UNDECLARED_SELECTOR = YES;
				GCC_WARN_UNINITIALIZED_AUTOS = YES;
				GCC_WARN_UNUSED_FUNCTION = YES;
				GCC_WARN_UNUSED_VARIABLE = YES;
				IPHONEOS_DEPLOYMENT_TARGET = 7.0;
				ONLY_ACTIVE_ARCH = YES;
				SDKROOT = iphoneos;
			};
			name = Debug;
		};
		27156F7418B76AF50053A99C /* Release */ = {
			isa = XCBuildConfiguration;
			buildSettings = {
				ALWAYS_SEARCH_USER_PATHS = NO;
				ARCHS = "$(ARCHS_STANDARD_INCLUDING_64_BIT)";
				CLANG_CXX_LANGUAGE_STANDARD = "gnu++0x";
				CLANG_CXX_LIBRARY = "libc++";
				CLANG_ENABLE_MODULES = YES;
				CLANG_ENABLE_OBJC_ARC = YES;
				CLANG_WARN_BOOL_CONVERSION = YES;
				CLANG_WARN_CONSTANT_CONVERSION = YES;
				CLANG_WARN_DIRECT_OBJC_ISA_USAGE = YES_ERROR;
				CLANG_WARN_EMPTY_BODY = YES;
				CLANG_WARN_ENUM_CONVERSION = YES;
				CLANG_WARN_INT_CONVERSION = YES;
				CLANG_WARN_OBJC_ROOT_CLASS = YES_ERROR;
				CLANG_WARN__DUPLICATE_METHOD_MATCH = YES;
				"CODE_SIGN_IDENTITY[sdk=iphoneos*]" = "iPhone Developer";
				COPY_PHASE_STRIP = YES;
				ENABLE_NS_ASSERTIONS = NO;
				GCC_C_LANGUAGE_STANDARD = gnu99;
				GCC_WARN_64_TO_32_BIT_CONVERSION = YES;
				GCC_WARN_ABOUT_RETURN_TYPE = YES_ERROR;
				GCC_WARN_UNDECLARED_SELECTOR = YES;
				GCC_WARN_UNINITIALIZED_AUTOS = YES;
				GCC_WARN_UNUSED_FUNCTION = YES;
				GCC_WARN_UNUSED_VARIABLE = YES;
				IPHONEOS_DEPLOYMENT_TARGET = 7.0;
				SDKROOT = iphoneos;
				VALIDATE_PRODUCT = YES;
			};
			name = Release;
		};
		27156F7618B76AF50053A99C /* Debug */ = {
			isa = XCBuildConfiguration;
			buildSettings = {
				ASSETCATALOG_COMPILER_APPICON_NAME = AppIcon;
				ASSETCATALOG_COMPILER_LAUNCHIMAGE_NAME = LaunchImage;
				GCC_PRECOMPILE_PREFIX_HEADER = YES;
				GCC_PREFIX_HEADER = "Navigation/Navigation-Prefix.pch";
				INFOPLIST_FILE = "Navigation/Navigation-Info.plist";
				PRODUCT_NAME = "$(TARGET_NAME)";
				WRAPPER_EXTENSION = app;
			};
			name = Debug;
		};
		27156F7718B76AF50053A99C /* Release */ = {
			isa = XCBuildConfiguration;
			buildSettings = {
				ASSETCATALOG_COMPILER_APPICON_NAME = AppIcon;
				ASSETCATALOG_COMPILER_LAUNCHIMAGE_NAME = LaunchImage;
				GCC_PRECOMPILE_PREFIX_HEADER = YES;
				GCC_PREFIX_HEADER = "Navigation/Navigation-Prefix.pch";
				INFOPLIST_FILE = "Navigation/Navigation-Info.plist";
				PRODUCT_NAME = "$(TARGET_NAME)";
				WRAPPER_EXTENSION = app;
			};
			name = Release;
		};
		27156F7918B76AF50053A99C /* Debug */ = {
			isa = XCBuildConfiguration;
			buildSettings = {
				ARCHS = "$(ARCHS_STANDARD_INCLUDING_64_BIT)";
				BUNDLE_LOADER = "$(BUILT_PRODUCTS_DIR)/Navigation.app/Navigation";
				FRAMEWORK_SEARCH_PATHS = (
					"$(SDKROOT)/Developer/Library/Frameworks",
					"$(inherited)",
					"$(DEVELOPER_FRAMEWORKS_DIR)",
				);
				GCC_PRECOMPILE_PREFIX_HEADER = YES;
				GCC_PREFIX_HEADER = "Navigation/Navigation-Prefix.pch";
				GCC_PREPROCESSOR_DEFINITIONS = (
					"DEBUG=1",
					"$(inherited)",
				);
				INFOPLIST_FILE = "NavigationTests/NavigationTests-Info.plist";
				PRODUCT_NAME = "$(TARGET_NAME)";
				TEST_HOST = "$(BUNDLE_LOADER)";
				WRAPPER_EXTENSION = xctest;
			};
			name = Debug;
		};
		27156F7A18B76AF50053A99C /* Release */ = {
			isa = XCBuildConfiguration;
			buildSettings = {
				ARCHS = "$(ARCHS_STANDARD_INCLUDING_64_BIT)";
				BUNDLE_LOADER = "$(BUILT_PRODUCTS_DIR)/Navigation.app/Navigation";
				FRAMEWORK_SEARCH_PATHS = (
					"$(SDKROOT)/Developer/Library/Frameworks",
					"$(inherited)",
					"$(DEVELOPER_FRAMEWORKS_DIR)",
				);
				GCC_PRECOMPILE_PREFIX_HEADER = YES;
				GCC_PREFIX_HEADER = "Navigation/Navigation-Prefix.pch";
				INFOPLIST_FILE = "NavigationTests/NavigationTests-Info.plist";
				PRODUCT_NAME = "$(TARGET_NAME)";
				TEST_HOST = "$(BUNDLE_LOADER)";
				WRAPPER_EXTENSION = xctest;
			};
			name = Release;
		};
/* End XCBuildConfiguration section */

/* Begin XCConfigurationList section */
		27156F4418B76AF50053A99C /* Build configuration list for PBXProject "Navigation" */ = {
			isa = XCConfigurationList;
			buildConfigurations = (
				27156F7318B76AF50053A99C /* Debug */,
				27156F7418B76AF50053A99C /* Release */,
			);
			defaultConfigurationIsVisible = 0;
			defaultConfigurationName = Release;
		};
		27156F7518B76AF50053A99C /* Build configuration list for PBXNativeTarget "Navigation" */ = {
			isa = XCConfigurationList;
			buildConfigurations = (
				27156F7618B76AF50053A99C /* Debug */,
				27156F7718B76AF50053A99C /* Release */,
			);
			defaultConfigurationIsVisible = 0;
			defaultConfigurationName = Release;
		};
		27156F7818B76AF50053A99C /* Build configuration list for PBXNativeTarget "NavigationTests" */ = {
			isa = XCConfigurationList;
			buildConfigurations = (
				27156F7918B76AF50053A99C /* Debug */,
				27156F7A18B76AF50053A99C /* Release */,
			);
			defaultConfigurationIsVisible = 0;
			defaultConfigurationName = Release;
		};
/* End XCConfigurationList section */
	};
	rootObject = 27156F4118B76AF50053A99C /* Project object */;
}
